<?xml version="1.0" encoding="utf-8"?>
<Project ToolsVersion="4.0" xmlns="http://schemas.microsoft.com/developer/msbuild/2003">
  <ItemGroup>
    <Filter Include="Source Files">
      <UniqueIdentifier>{4FC737F1-C7A5-4376-A066-2A32D752A2FF}</UniqueIdentifier>
      <Extensions>cpp;c;cc;cxx;def;odl;idl;hpj;bat;asm;asmx</Extensions>
    </Filter>
    <Filter Include="Header Files">
      <UniqueIdentifier>{93995380-89BD-4b04-88EB-625FBE52EBFB}</UniqueIdentifier>
      <Extensions>h;hpp;hxx;hm;inl;inc;xsd</Extensions>
    </Filter>
    <Filter Include="Resource Files">
      <UniqueIdentifier>{67DA6AB6-F800-4c08-8B7A-83BB121AAD01}</UniqueIdentifier>
      <Extensions>rc;ico;cur;bmp;dlg;rc2;rct;bin;rgs;gif;jpg;jpeg;jpe;resx;tiff;tif;png;wav</Extensions>
    </Filter>
  </ItemGroup>
  <ItemGroup>
    <ClCompile Include="Config.cpp">
      <Filter>Source Files</Filter>
    </ClCompile>
    <ClCompile Include="Dispatch.cpp">
      <Filter>Source Files</Filter>
    </ClCompile>
    <ClCompile Include="HTTPClient.cpp">
      <Filter>Source Files</Filter>
    </ClCompile>
    <ClCompile Include="HTTPServer.cpp">
      <Filter>Source Files</Filter>
    </ClCompile>
    <ClCompile Include="Log.cpp">
      <Filter>Source Files</Filter>
    </ClCompile>
    <ClCompile Include="MD5.c">
      <Filter>Source Files</Filter>
    </ClCompile>
    <ClCompile Include="Service.cpp">
      <Filter>Source Files</Filter>
    </ClCompile>
    <ClCompile Include="SMTPClient.cpp">
      <Filter>Source Files</Filter>
    </ClCompile>
    <ClCompile Include="Socket.cpp">
      <Filter>Source Files</Filter>
    </ClCompile>
    <ClCompile Include="Thread.cpp">
      <Filter>Source Files</Filter>
    </ClCompile>
    <ClCompile Include="Timing.cpp">
      <Filter>Source Files</Filter>
    </ClCompile>
    <ClCompile Include="Windows.c">
      <Filter>Source Files</Filter>
    </ClCompile>
    <ClCompile Include="WindowsCPP.cpp">
      <Filter>Source Files</Filter>
    </ClCompile>
  </ItemGroup>
  <ItemGroup>
    <ClInclude Include="Config.h">
      <Filter>Header Files</Filter>
    </ClInclude>
    <ClInclude Include="Dispatch.h">
      <Filter>Header Files</Filter>
    </ClInclude>
    <ClInclude Include="HTTPClient.h">
      <Filter>Header Files</Filter>
    </ClInclude>
    <ClInclude Include="HTTPServer.h">
      <Filter>Header Files</Filter>
    </ClInclude>
    <ClInclude Include="Log.h">
      <Filter>Header Files</Filter>
    </ClInclude>
    <ClInclude Include="MD5.h">
      <Filter>Header Files</Filter>
    </ClInclude>
    <ClInclude Include="resource.h">
      <Filter>Header Files</Filter>
    </ClInclude>
    <ClInclude Include="Service.h">
      <Filter>Header Files</Filter>
    </ClInclude>
    <ClInclude Include="SMTPClient.h">
      <Filter>Header Files</Filter>
    </ClInclude>
    <ClInclude Include="Socket.h">
      <Filter>Header Files</Filter>
    </ClInclude>
    <ClInclude Include="stdapi.h">
      <Filter>Header Files</Filter>
    </ClInclude>
    <ClInclude Include="Streams.h">
      <Filter>Header Files</Filter>
    </ClInclude>
    <ClInclude Include="Thread.h">
      <Filter>Header Files</Filter>
    </ClInclude>
    <ClInclude Include="Timing.h">
      <Filter>Header Files</Filter>
    </ClInclude>
  </ItemGroup>
  <ItemGroup>
    <ResourceCompile Include="Version.rc">
      <Filter>Resource Files</Filter>
    </ResourceCompile>
  </ItemGroup>
</Project>